
Microsoft Visual Studio Solution File, Format Version 12.00
# Visual Studio Version 16
VisualStudioVersion = 16.0.32901.82
MinimumVisualStudioVersion = 10.0.40219.1
Project("{FAE04EC0-301F-11D3-BF4B-00C04F79EFBC}") = "ExpensesApi", "ExpensesApi\ExpensesApi.csproj", "{73E3C6F9-621D-4765-82EB-E33A95320F33}"
EndProject
Global
	GlobalSection(SolutionConfigurationPlatforms) = preSolution
		Debug|Any CPU = Debug|Any CPU
		Release|Any CPU = Release|Any CPU
	EndGlobalSection
	GlobalSection(ProjectConfigurationPlatforms) = postSolution
		{73E3C6F9-621D-4765-82EB-E33A95320F33}.Debug|Any CPU.ActiveCfg = Debug|Any CPU
		{73E3C6F9-621D-4765-82EB-E33A95320F33}.Debug|Any CPU.Build.0 = Debug|Any CPU
		{73E3C6F9-621D-4765-82EB-E33A95320F33}.Release|Any CPU.ActiveCfg = Release|Any CPU
		{73E3C6F9-621D-4765-82EB-E33A95320F33}.Release|Any CPU.Build.0 = Release|Any CPU
	EndGlobalSection
	GlobalSection(SolutionProperties) = preSolution
		HideSolutionNode = FALSE
	EndGlobalSection
	GlobalSection(ExtensibilityGlobals) = postSolution
		SolutionGuid = {EC50093A-F45F-44DA-9361-6523488B46D2}
	EndGlobalSection
EndGlobal
